// !$*UTF8*$!
{
	archiveVersion = 1;
	classes = {
	};
	objectVersion = 56;
	objects = {

/* Begin PBXBuildFile section */
		0C3DEAC629E6EDCD00309F4B /* SwiftUiCurrencyXchangeApp.swift in Sources */ = {isa = PBXBuildFile; fileRef = 0C3DEAC529E6EDCD00309F4B /* SwiftUiCurrencyXchangeApp.swift */; };
		0C3DEAC829E6EDCD00309F4B /* ContentView.swift in Sources */ = {isa = PBXBuildFile; fileRef = 0C3DEAC729E6EDCD00309F4B /* ContentView.swift */; };
		0C3DEACA29E6EDCE00309F4B /* Assets.xcassets in Resources */ = {isa = PBXBuildFile; fileRef = 0C3DEAC929E6EDCE00309F4B /* Assets.xcassets */; };
		0C3DEACD29E6EDCE00309F4B /* Preview Assets.xcassets in Resources */ = {isa = PBXBuildFile; fileRef = 0C3DEACC29E6EDCE00309F4B /* Preview Assets.xcassets */; };
		0C3DEAD729E6EDCE00309F4B /* SwiftUiCurrencyXchangeTests.swift in Sources */ = {isa = PBXBuildFile; fileRef = 0C3DEAD629E6EDCE00309F4B /* SwiftUiCurrencyXchangeTests.swift */; };
		0C3DEAE129E6EDCE00309F4B /* SwiftUiCurrencyXchangeUITests.swift in Sources */ = {isa = PBXBuildFile; fileRef = 0C3DEAE029E6EDCE00309F4B /* SwiftUiCurrencyXchangeUITests.swift */; };
		0C3DEAE329E6EDCE00309F4B /* SwiftUiCurrencyXchangeUITestsLaunchTests.swift in Sources */ = {isa = PBXBuildFile; fileRef = 0C3DEAE229E6EDCE00309F4B /* SwiftUiCurrencyXchangeUITestsLaunchTests.swift */; };
		0C3DEAF029E6F4ED00309F4B /* Currency.swift in Sources */ = {isa = PBXBuildFile; fileRef = 0C3DEAEF29E6F4ED00309F4B /* Currency.swift */; };
		0C3DEAF229E6F73200309F4B /* XchangeViewModel.swift in Sources */ = {isa = PBXBuildFile; fileRef = 0C3DEAF129E6F73200309F4B /* XchangeViewModel.swift */; };
/* End PBXBuildFile section */

/* Begin PBXContainerItemProxy section */
		0C3DEAD329E6EDCE00309F4B /* PBXContainerItemProxy */ = {
			isa = PBXContainerItemProxy;
			containerPortal = 0C3DEABA29E6EDCD00309F4B /* Project object */;
			proxyType = 1;
			remoteGlobalIDString = 0C3DEAC129E6EDCD00309F4B;
			remoteInfo = SwiftUiCurrencyXchange;
		};
		0C3DEADD29E6EDCE00309F4B /* PBXContainerItemProxy */ = {
			isa = PBXContainerItemProxy;
			containerPortal = 0C3DEABA29E6EDCD00309F4B /* Project object */;
			proxyType = 1;
			remoteGlobalIDString = 0C3DEAC129E6EDCD00309F4B;
			remoteInfo = SwiftUiCurrencyXchange;
		};
/* End PBXContainerItemProxy section */

/* Begin PBXFileReference section */
		0C3DEAC229E6EDCD00309F4B /* SwiftUiCurrencyXchange.app */ = {isa = PBXFileReference; explicitFileType = wrapper.application; includeInIndex = 0; path = SwiftUiCurrencyXchange.app; sourceTree = BUILT_PRODUCTS_DIR; };
		0C3DEAC529E6EDCD00309F4B /* SwiftUiCurrencyXchangeApp.swift */ = {isa = PBXFileReference; lastKnownFileType = sourcecode.swift; path = SwiftUiCurrencyXchangeApp.swift; sourceTree = "<group>"; };
		0C3DEAC729E6EDCD00309F4B /* ContentView.swift */ = {isa = PBXFileReference; lastKnownFileType = sourcecode.swift; path = ContentView.swift; sourceTree = "<group>"; };
		0C3DEAC929E6EDCE00309F4B /* Assets.xcassets */ = {isa = PBXFileReference; lastKnownFileType = folder.assetcatalog; path = Assets.xcassets; sourceTree = "<group>"; };
		0C3DEACC29E6EDCE00309F4B /* Preview Assets.xcassets */ = {isa = PBXFileReference; lastKnownFileType = folder.assetcatalog; path = "Preview Assets.xcassets"; sourceTree = "<group>"; };
		0C3DEAD229E6EDCE00309F4B /* SwiftUiCurrencyXchangeTests.xctest */ = {isa = PBXFileReference; explicitFileType = wrapper.cfbundle; includeInIndex = 0; path = SwiftUiCurrencyXchangeTests.xctest; sourceTree = BUILT_PRODUCTS_DIR; };
		0C3DEAD629E6EDCE00309F4B /* SwiftUiCurrencyXchangeTests.swift */ = {isa = PBXFileReference; lastKnownFileType = sourcecode.swift; path = SwiftUiCurrencyXchangeTests.swift; sourceTree = "<group>"; };
		0C3DEADC29E6EDCE00309F4B /* SwiftUiCurrencyXchangeUITests.xctest */ = {isa = PBXFileReference; explicitFileType = wrapper.cfbundle; includeInIndex = 0; path = SwiftUiCurrencyXchangeUITests.xctest; sourceTree = BUILT_PRODUCTS_DIR; };
		0C3DEAE029E6EDCE00309F4B /* SwiftUiCurrencyXchangeUITests.swift */ = {isa = PBXFileReference; lastKnownFileType = sourcecode.swift; path = SwiftUiCurrencyXchangeUITests.swift; sourceTree = "<group>"; };
		0C3DEAE229E6EDCE00309F4B /* SwiftUiCurrencyXchangeUITestsLaunchTests.swift */ = {isa = PBXFileReference; lastKnownFileType = sourcecode.swift; path = SwiftUiCurrencyXchangeUITestsLaunchTests.swift; sourceTree = "<group>"; };
		0C3DEAEF29E6F4ED00309F4B /* Currency.swift */ = {isa = PBXFileReference; lastKnownFileType = sourcecode.swift; path = Currency.swift; sourceTree = "<group>"; };
		0C3DEAF129E6F73200309F4B /* XchangeViewModel.swift */ = {isa = PBXFileReference; lastKnownFileType = sourcecode.swift; path = XchangeViewModel.swift; sourceTree = "<group>"; };
/* End PBXFileReference section */

/* Begin PBXFrameworksBuildPhase section */
		0C3DEABF29E6EDCD00309F4B /* Frameworks */ = {
			isa = PBXFrameworksBuildPhase;
			buildActionMask = 2147483647;
			files = (
			);
			runOnlyForDeploymentPostprocessing = 0;
		};
		0C3DEACF29E6EDCE00309F4B /* Frameworks */ = {
			isa = PBXFrameworksBuildPhase;
			buildActionMask = 2147483647;
			files = (
			);
			runOnlyForDeploymentPostprocessing = 0;
		};
		0C3DEAD929E6EDCE00309F4B /* Frameworks */ = {
			isa = PBXFrameworksBuildPhase;
			buildActionMask = 2147483647;
			files = (
			);
			runOnlyForDeploymentPostprocessing = 0;
		};
/* End PBXFrameworksBuildPhase section */

/* Begin PBXGroup section */
		0C3DEAB929E6EDCD00309F4B = {
			isa = PBXGroup;
			children = (
				0C3DEAC429E6EDCD00309F4B /* SwiftUiCurrencyXchange */,
				0C3DEAD529E6EDCE00309F4B /* SwiftUiCurrencyXchangeTests */,
				0C3DEADF29E6EDCE00309F4B /* SwiftUiCurrencyXchangeUITests */,
				0C3DEAC329E6EDCD00309F4B /* Products */,
			);
			sourceTree = "<group>";
		};
		0C3DEAC329E6EDCD00309F4B /* Products */ = {
			isa = PBXGroup;
			children = (
				0C3DEAC229E6EDCD00309F4B /* SwiftUiCurrencyXchange.app */,
				0C3DEAD229E6EDCE00309F4B /* SwiftUiCurrencyXchangeTests.xctest */,
				0C3DEADC29E6EDCE00309F4B /* SwiftUiCurrencyXchangeUITests.xctest */,
			);
			name = Products;
			sourceTree = "<group>";
		};
		0C3DEAC429E6EDCD00309F4B /* SwiftUiCurrencyXchange */ = {
			isa = PBXGroup;
			children = (
				0C3DEAC529E6EDCD00309F4B /* SwiftUiCurrencyXchangeApp.swift */,
				0C3DEAC729E6EDCD00309F4B /* ContentView.swift */,
				0C3DEAC929E6EDCE00309F4B /* Assets.xcassets */,
				0C3DEACB29E6EDCE00309F4B /* Preview Content */,
				0C3DEAEF29E6F4ED00309F4B /* Currency.swift */,
				0C3DEAF129E6F73200309F4B /* XchangeViewModel.swift */,
			);
			path = SwiftUiCurrencyXchange;
			sourceTree = "<group>";
		};
		0C3DEACB29E6EDCE00309F4B /* Preview Content */ = {
			isa = PBXGroup;
			children = (
				0C3DEACC29E6EDCE00309F4B /* Preview Assets.xcassets */,
			);
			path = "Preview Content";
			sourceTree = "<group>";
		};
		0C3DEAD529E6EDCE00309F4B /* SwiftUiCurrencyXchangeTests */ = {
			isa = PBXGroup;
			children = (
				0C3DEAD629E6EDCE00309F4B /* SwiftUiCurrencyXchangeTests.swift */,
			);
			path = SwiftUiCurrencyXchangeTests;
			sourceTree = "<group>";
		};
		0C3DEADF29E6EDCE00309F4B /* SwiftUiCurrencyXchangeUITests */ = {
			isa = PBXGroup;
			children = (
				0C3DEAE029E6EDCE00309F4B /* SwiftUiCurrencyXchangeUITests.swift */,
				0C3DEAE229E6EDCE00309F4B /* SwiftUiCurrencyXchangeUITestsLaunchTests.swift */,
			);
			path = SwiftUiCurrencyXchangeUITests;
			sourceTree = "<group>";
		};
/* End PBXGroup section */

/* Begin PBXNativeTarget section */
		0C3DEAC129E6EDCD00309F4B /* SwiftUiCurrencyXchange */ = {
			isa = PBXNativeTarget;
			buildConfigurationList = 0C3DEAE629E6EDCE00309F4B /* Build configuration list for PBXNativeTarget "SwiftUiCurrencyXchange" */;
			buildPhases = (
				0C3DEABE29E6EDCD00309F4B /* Sources */,
				0C3DEABF29E6EDCD00309F4B /* Frameworks */,
				0C3DEAC029E6EDCD00309F4B /* Resources */,
			);
			buildRules = (
			);
			dependencies = (
			);
			name = SwiftUiCurrencyXchange;
			productName = SwiftUiCurrencyXchange;
			productReference = 0C3DEAC229E6EDCD00309F4B /* SwiftUiCurrencyXchange.app */;
			productType = "com.apple.product-type.application";
		};
		0C3DEAD129E6EDCE00309F4B /* SwiftUiCurrencyXchangeTests */ = {
			isa = PBXNativeTarget;
			buildConfigurationList = 0C3DEAE929E6EDCE00309F4B /* Build configuration list for PBXNativeTarget "SwiftUiCurrencyXchangeTests" */;
			buildPhases = (
				0C3DEACE29E6EDCE00309F4B /* Sources */,
				0C3DEACF29E6EDCE00309F4B /* Frameworks */,
				0C3DEAD029E6EDCE00309F4B /* Resources */,
			);
			buildRules = (
			);
			dependencies = (
				0C3DEAD429E6EDCE00309F4B /* PBXTargetDependency */,
			);
			name = SwiftUiCurrencyXchangeTests;
			productName = SwiftUiCurrencyXchangeTests;
			productReference = 0C3DEAD229E6EDCE00309F4B /* SwiftUiCurrencyXchangeTests.xctest */;
			productType = "com.apple.product-type.bundle.unit-test";
		};
		0C3DEADB29E6EDCE00309F4B /* SwiftUiCurrencyXchangeUITests */ = {
			isa = PBXNativeTarget;
			buildConfigurationList = 0C3DEAEC29E6EDCE00309F4B /* Build configuration list for PBXNativeTarget "SwiftUiCurrencyXchangeUITests" */;
			buildPhases = (
				0C3DEAD829E6EDCE00309F4B /* Sources */,
				0C3DEAD929E6EDCE00309F4B /* Frameworks */,
				0C3DEADA29E6EDCE00309F4B /* Resources */,
			);
			buildRules = (
			);
			dependencies = (
				0C3DEADE29E6EDCE00309F4B /* PBXTargetDependency */,
			);
			name = SwiftUiCurrencyXchangeUITests;
			productName = SwiftUiCurrencyXchangeUITests;
			productReference = 0C3DEADC29E6EDCE00309F4B /* SwiftUiCurrencyXchangeUITests.xctest */;
			productType = "com.apple.product-type.bundle.ui-testing";
		};
/* End PBXNativeTarget section */

/* Begin PBXProject section */
		0C3DEABA29E6EDCD00309F4B /* Project object */ = {
			isa = PBXProject;
			attributes = {
				BuildIndependentTargetsInParallel = 1;
				LastSwiftUpdateCheck = 1420;
				LastUpgradeCheck = 1420;
				TargetAttributes = {
					0C3DEAC129E6EDCD00309F4B = {
						CreatedOnToolsVersion = 14.2;
					};
					0C3DEAD129E6EDCE00309F4B = {
						CreatedOnToolsVersion = 14.2;
						TestTargetID = 0C3DEAC129E6EDCD00309F4B;
					};
					0C3DEADB29E6EDCE00309F4B = {
						CreatedOnToolsVersion = 14.2;
						TestTargetID = 0C3DEAC129E6EDCD00309F4B;
					};
				};
			};
			buildConfigurationList = 0C3DEABD29E6EDCD00309F4B /* Build configuration list for PBXProject "SwiftUiCurrencyXchange" */;
			compatibilityVersion = "Xcode 14.0";
			developmentRegion = en;
			hasScannedForEncodings = 0;
			knownRegions = (
				en,
				Base,
			);
			mainGroup = 0C3DEAB929E6EDCD00309F4B;
			productRefGroup = 0C3DEAC329E6EDCD00309F4B /* Products */;
			projectDirPath = "";
			projectRoot = "";
			targets = (
				0C3DEAC129E6EDCD00309F4B /* SwiftUiCurrencyXchange */,
				0C3DEAD129E6EDCE00309F4B /* SwiftUiCurrencyXchangeTests */,
				0C3DEADB29E6EDCE00309F4B /* SwiftUiCurrencyXchangeUITests */,
			);
		};
/* End PBXProject section */

/* Begin PBXResourcesBuildPhase section */
		0C3DEAC029E6EDCD00309F4B /* Resources */ = {
			isa = PBXResourcesBuildPhase;
			buildActionMask = 2147483647;
			files = (
				0C3DEACD29E6EDCE00309F4B /* Preview Assets.xcassets in Resources */,
				0C3DEACA29E6EDCE00309F4B /* Assets.xcassets in Resources */,
			);
			runOnlyForDeploymentPostprocessing = 0;
		};
		0C3DEAD029E6EDCE00309F4B /* Resources */ = {
			isa = PBXResourcesBuildPhase;
			buildActionMask = 2147483647;
			files = (
			);
			runOnlyForDeploymentPostprocessing = 0;
		};
		0C3DEADA29E6EDCE00309F4B /* Resources */ = {
			isa = PBXResourcesBuildPhase;
			buildActionMask = 2147483647;
			files = (
			);
			runOnlyForDeploymentPostprocessing = 0;
		};
/* End PBXResourcesBuildPhase section */

/* Begin PBXSourcesBuildPhase section */
		0C3DEABE29E6EDCD00309F4B /* Sources */ = {
			isa = PBXSourcesBuildPhase;
			buildActionMask = 2147483647;
			files = (
				0C3DEAC829E6EDCD00309F4B /* ContentView.swift in Sources */,
				0C3DEAF029E6F4ED00309F4B /* Currency.swift in Sources */,
				0C3DEAC629E6EDCD00309F4B /* SwiftUiCurrencyXchangeApp.swift in Sources */,
				0C3DEAF229E6F73200309F4B /* XchangeViewModel.swift in Sources */,
			);
			runOnlyForDeploymentPostprocessing = 0;
		};
		0C3DEACE29E6EDCE00309F4B /* Sources */ = {
			isa = PBXSourcesBuildPhase;
			buildActionMask = 2147483647;
			files = (
				0C3DEAD729E6EDCE00309F4B /* SwiftUiCurrencyXchangeTests.swift in Sources */,
			);
			runOnlyForDeploymentPostprocessing = 0;
		};
		0C3DEAD829E6EDCE00309F4B /* Sources */ = {
			isa = PBXSourcesBuildPhase;
			buildActionMask = 2147483647;
			files = (
				0C3DEAE329E6EDCE00309F4B /* SwiftUiCurrencyXchangeUITestsLaunchTests.swift in Sources */,
				0C3DEAE129E6EDCE00309F4B /* SwiftUiCurrencyXchangeUITests.swift in Sources */,
			);
			runOnlyForDeploymentPostprocessing = 0;
		};
/* End PBXSourcesBuildPhase section */

/* Begin PBXTargetDependency section */
		0C3DEAD429E6EDCE00309F4B /* PBXTargetDependency */ = {
			isa = PBXTargetDependency;
			target = 0C3DEAC129E6EDCD00309F4B /* SwiftUiCurrencyXchange */;
			targetProxy = 0C3DEAD329E6EDCE00309F4B /* PBXContainerItemProxy */;
		};
		0C3DEADE29E6EDCE00309F4B /* PBXTargetDependency */ = {
			isa = PBXTargetDependency;
			target = 0C3DEAC129E6EDCD00309F4B /* SwiftUiCurrencyXchange */;
			targetProxy = 0C3DEADD29E6EDCE00309F4B /* PBXContainerItemProxy */;
		};
/* End PBXTargetDependency section */

/* Begin XCBuildConfiguration section */
		0C3DEAE429E6EDCE00309F4B /* Debug */ = {
			isa = XCBuildConfiguration;
			buildSettings = {
				ALWAYS_SEARCH_USER_PATHS = NO;
				CLANG_ANALYZER_NONNULL = YES;
				CLANG_ANALYZER_NUMBER_OBJECT_CONVERSION = YES_AGGRESSIVE;
				CLANG_CXX_LANGUAGE_STANDARD = "gnu++20";
				CLANG_ENABLE_MODULES = YES;
				CLANG_ENABLE_OBJC_ARC = YES;
				CLANG_ENABLE_OBJC_WEAK = YES;
				CLANG_WARN_BLOCK_CAPTURE_AUTORELEASING = YES;
				CLANG_WARN_BOOL_CONVERSION = YES;
				CLANG_WARN_COMMA = YES;
				CLANG_WARN_CONSTANT_CONVERSION = YES;
				CLANG_WARN_DEPRECATED_OBJC_IMPLEMENTATIONS = YES;
				CLANG_WARN_DIRECT_OBJC_ISA_USAGE = YES_ERROR;
				CLANG_WARN_DOCUMENTATION_COMMENTS = YES;
				CLANG_WARN_EMPTY_BODY = YES;
				CLANG_WARN_ENUM_CONVERSION = YES;
				CLANG_WARN_INFINITE_RECURSION = YES;
				CLANG_WARN_INT_CONVERSION = YES;
				CLANG_WARN_NON_LITERAL_NULL_CONVERSION = YES;
				CLANG_WARN_OBJC_IMPLICIT_RETAIN_SELF = YES;
				CLANG_WARN_OBJC_LITERAL_CONVERSION = YES;
				CLANG_WARN_OBJC_ROOT_CLASS = YES_ERROR;
				CLANG_WARN_QUOTED_INCLUDE_IN_FRAMEWORK_HEADER = YES;
				CLANG_WARN_RANGE_LOOP_ANALYSIS = YES;
				CLANG_WARN_STRICT_PROTOTYPES = YES;
				CLANG_WARN_SUSPICIOUS_MOVE = YES;
				CLANG_WARN_UNGUARDED_AVAILABILITY = YES_AGGRESSIVE;
				CLANG_WARN_UNREACHABLE_CODE = YES;
				CLANG_WARN__DUPLICATE_METHOD_MATCH = YES;
				COPY_PHASE_STRIP = NO;
				DEBUG_INFORMATION_FORMAT = dwarf;
				ENABLE_STRICT_OBJC_MSGSEND = YES;
				ENABLE_TESTABILITY = YES;
				GCC_C_LANGUAGE_STANDARD = gnu11;
				GCC_DYNAMIC_NO_PIC = NO;
				GCC_NO_COMMON_BLOCKS = YES;
				GCC_OPTIMIZATION_LEVEL = 0;
				GCC_PREPROCESSOR_DEFINITIONS = (
					"DEBUG=1",
					"$(inherited)",
				);
				GCC_WARN_64_TO_32_BIT_CONVERSION = YES;
				GCC_WARN_ABOUT_RETURN_TYPE = YES_ERROR;
				GCC_WARN_UNDECLARED_SELECTOR = YES;
				GCC_WARN_UNINITIALIZED_AUTOS = YES_AGGRESSIVE;
				GCC_WARN_UNUSED_FUNCTION = YES;
				GCC_WARN_UNUSED_VARIABLE = YES;
				IPHONEOS_DEPLOYMENT_TARGET = 16.2;
				MTL_ENABLE_DEBUG_INFO = INCLUDE_SOURCE;
				MTL_FAST_MATH = YES;
				ONLY_ACTIVE_ARCH = YES;
				SDKROOT = iphoneos;
				SWIFT_ACTIVE_COMPILATION_CONDITIONS = DEBUG;
				SWIFT_OPTIMIZATION_LEVEL = "-Onone";
			};
			name = Debug;
		};
		0C3DEAE529E6EDCE00309F4B /* Release */ = {
			isa = XCBuildConfiguration;
			buildSettings = {
				ALWAYS_SEARCH_USER_PATHS = NO;
				CLANG_ANALYZER_NONNULL = YES;
				CLANG_ANALYZER_NUMBER_OBJECT_CONVERSION = YES_AGGRESSIVE;
				CLANG_CXX_LANGUAGE_STANDARD = "gnu++20";
				CLANG_ENABLE_MODULES = YES;
				CLANG_ENABLE_OBJC_ARC = YES;
				CLANG_ENABLE_OBJC_WEAK = YES;
				CLANG_WARN_BLOCK_CAPTURE_AUTORELEASING = YES;
				CLANG_WARN_BOOL_CONVERSION = YES;
				CLANG_WARN_COMMA = YES;
				CLANG_WARN_CONSTANT_CONVERSION = YES;
				CLANG_WARN_DEPRECATED_OBJC_IMPLEMENTATIONS = YES;
				CLANG_WARN_DIRECT_OBJC_ISA_USAGE = YES_ERROR;
				CLANG_WARN_DOCUMENTATION_COMMENTS = YES;
				CLANG_WARN_EMPTY_BODY = YES;
				CLANG_WARN_ENUM_CONVERSION = YES;
				CLANG_WARN_INFINITE_RECURSION = YES;
				CLANG_WARN_INT_CONVERSION = YES;
				CLANG_WARN_NON_LITERAL_NULL_CONVERSION = YES;
				CLANG_WARN_OBJC_IMPLICIT_RETAIN_SELF = YES;
				CLANG_WARN_OBJC_LITERAL_CONVERSION = YES;
				CLANG_WARN_OBJC_ROOT_CLASS = YES_ERROR;
				CLANG_WARN_QUOTED_INCLUDE_IN_FRAMEWORK_HEADER = YES;
				CLANG_WARN_RANGE_LOOP_ANALYSIS = YES;
				CLANG_WARN_STRICT_PROTOTYPES = YES;
				CLANG_WARN_SUSPICIOUS_MOVE = YES;
				CLANG_WARN_UNGUARDED_AVAILABILITY = YES_AGGRESSIVE;
				CLANG_WARN_UNREACHABLE_CODE = YES;
				CLANG_WARN__DUPLICATE_METHOD_MATCH = YES;
				COPY_PHASE_STRIP = NO;
				DEBUG_INFORMATION_FORMAT = "dwarf-with-dsym";
				ENABLE_NS_ASSERTIONS = NO;
				ENABLE_STRICT_OBJC_MSGSEND = YES;
				GCC_C_LANGUAGE_STANDARD = gnu11;
				GCC_NO_COMMON_BLOCKS = YES;
				GCC_WARN_64_TO_32_BIT_CONVERSION = YES;
				GCC_WARN_ABOUT_RETURN_TYPE = YES_ERROR;
				GCC_WARN_UNDECLARED_SELECTOR = YES;
				GCC_WARN_UNINITIALIZED_AUTOS = YES_AGGRESSIVE;
				GCC_WARN_UNUSED_FUNCTION = YES;
				GCC_WARN_UNUSED_VARIABLE = YES;
				IPHONEOS_DEPLOYMENT_TARGET = 16.2;
				MTL_ENABLE_DEBUG_INFO = NO;
				MTL_FAST_MATH = YES;
				SDKROOT = iphoneos;
				SWIFT_COMPILATION_MODE = wholemodule;
				SWIFT_OPTIMIZATION_LEVEL = "-O";
				VALIDATE_PRODUCT = YES;
			};
			name = Release;
		};
		0C3DEAE729E6EDCE00309F4B /* Debug */ = {
			isa = XCBuildConfiguration;
			buildSettings = {
				ASSETCATALOG_COMPILER_APPICON_NAME = AppIcon;
				ASSETCATALOG_COMPILER_GLOBAL_ACCENT_COLOR_NAME = AccentColor;
				CODE_SIGN_STYLE = Automatic;
				CURRENT_PROJECT_VERSION = 1;
				DEVELOPMENT_ASSET_PATHS = "\"SwiftUiCurrencyXchange/Preview Content\"";
				ENABLE_PREVIEWS = YES;
				GENERATE_INFOPLIST_FILE = YES;
				INFOPLIST_KEY_UIApplicationSceneManifest_Generation = YES;
				INFOPLIST_KEY_UIApplicationSupportsIndirectInputEvents = YES;
				INFOPLIST_KEY_UILaunchScreen_Generation = YES;
				INFOPLIST_KEY_UISupportedInterfaceOrientations_iPad = "UIInterfaceOrientationPortrait UIInterfaceOrientationPortraitUpsideDown UIInterfaceOrientationLandscapeLeft UIInterfaceOrientationLandscapeRight";
				INFOPLIST_KEY_UISupportedInterfaceOrientations_iPhone = "UIInterfaceOrientationPortrait UIInterfaceOrientationLandscapeLeft UIInterfaceOrientationLandscapeRight";
				LD_RUNPATH_SEARCH_PATHS = (
					"$(inherited)",
					"@executable_path/Frameworks",
				);
				MARKETING_VERSION = 1.0;
				PRODUCT_BUNDLE_IDENTIFIER = com.example.SwiftUiCurrencyXchange;
				PRODUCT_NAME = "$(TARGET_NAME)";
				SWIFT_EMIT_LOC_STRINGS = YES;
				SWIFT_VERSION = 5.0;
				TARGETED_DEVICE_FAMILY = "1,2";
			};
			name = Debug;
		};
		0C3DEAE829E6EDCE00309F4B /* Release */ = {
			isa = XCBuildConfiguration;
			buildSettings = {
				ASSETCATALOG_COMPILER_APPICON_NAME = AppIcon;
				ASSETCATALOG_COMPILER_GLOBAL_ACCENT_COLOR_NAME = AccentColor;
				CODE_SIGN_STYLE = Automatic;
				CURRENT_PROJECT_VERSION = 1;
				DEVELOPMENT_ASSET_PATHS = "\"SwiftUiCurrencyXchange/Preview Content\"";
				ENABLE_PREVIEWS = YES;
				GENERATE_INFOPLIST_FILE = YES;
				INFOPLIST_KEY_UIApplicationSceneManifest_Generation = YES;
				INFOPLIST_KEY_UIApplicationSupportsIndirectInputEvents = YES;
				INFOPLIST_KEY_UILaunchScreen_Generation = YES;
				INFOPLIST_KEY_UISupportedInterfaceOrientations_iPad = "UIInterfaceOrientationPortrait UIInterfaceOrientationPortraitUpsideDown UIInterfaceOrientationLandscapeLeft UIInterfaceOrientationLandscapeRight";
				INFOPLIST_KEY_UISupportedInterfaceOrientations_iPhone = "UIInterfaceOrientationPortrait UIInterfaceOrientationLandscapeLeft UIInterfaceOrientationLandscapeRight";
				LD_RUNPATH_SEARCH_PATHS = (
					"$(inherited)",
					"@executable_path/Frameworks",
				);
				MARKETING_VERSION = 1.0;
				PRODUCT_BUNDLE_IDENTIFIER = com.example.SwiftUiCurrencyXchange;
				PRODUCT_NAME = "$(TARGET_NAME)";
				SWIFT_EMIT_LOC_STRINGS = YES;
				SWIFT_VERSION = 5.0;
				TARGETED_DEVICE_FAMILY = "1,2";
			};
			name = Release;
		};
		0C3DEAEA29E6EDCE00309F4B /* Debug */ = {
			isa = XCBuildConfiguration;
			buildSettings = {
				ALWAYS_EMBED_SWIFT_STANDARD_LIBRARIES = YES;
				BUNDLE_LOADER = "$(TEST_HOST)";
				CODE_SIGN_STYLE = Automatic;
				CURRENT_PROJECT_VERSION = 1;
				GENERATE_INFOPLIST_FILE = YES;
				IPHONEOS_DEPLOYMENT_TARGET = 16.2;
				MARKETING_VERSION = 1.0;
				PRODUCT_BUNDLE_IDENTIFIER = com.example.SwiftUiCurrencyXchangeTests;
				PRODUCT_NAME = "$(TARGET_NAME)";
				SWIFT_EMIT_LOC_STRINGS = NO;
				SWIFT_VERSION = 5.0;
				TARGETED_DEVICE_FAMILY = "1,2";
				TEST_HOST = "$(BUILT_PRODUCTS_DIR)/SwiftUiCurrencyXchange.app/$(BUNDLE_EXECUTABLE_FOLDER_PATH)/SwiftUiCurrencyXchange";
			};
			name = Debug;
		};
		0C3DEAEB29E6EDCE00309F4B /* Release */ = {
			isa = XCBuildConfiguration;
			buildSettings = {
				ALWAYS_EMBED_SWIFT_STANDARD_LIBRARIES = YES;
				BUNDLE_LOADER = "$(TEST_HOST)";
				CODE_SIGN_STYLE = Automatic;
				CURRENT_PROJECT_VERSION = 1;
				GENERATE_INFOPLIST_FILE = YES;
				IPHONEOS_DEPLOYMENT_TARGET = 16.2;
				MARKETING_VERSION = 1.0;
				PRODUCT_BUNDLE_IDENTIFIER = com.example.SwiftUiCurrencyXchangeTests;
				PRODUCT_NAME = "$(TARGET_NAME)";
				SWIFT_EMIT_LOC_STRINGS = NO;
				SWIFT_VERSION = 5.0;
				TARGETED_DEVICE_FAMILY = "1,2";
				TEST_HOST = "$(BUILT_PRODUCTS_DIR)/SwiftUiCurrencyXchange.app/$(BUNDLE_EXECUTABLE_FOLDER_PATH)/SwiftUiCurrencyXchange";
			};
			name = Release;
		};
		0C3DEAED29E6EDCE00309F4B /* Debug */ = {
			isa = XCBuildConfiguration;
			buildSettings = {
				ALWAYS_EMBED_SWIFT_STANDARD_LIBRARIES = YES;
				CODE_SIGN_STYLE = Automatic;
				CURRENT_PROJECT_VERSION = 1;
				GENERATE_INFOPLIST_FILE = YES;
				MARKETING_VERSION = 1.0;
				PRODUCT_BUNDLE_IDENTIFIER = com.example.SwiftUiCurrencyXchangeUITests;
				PRODUCT_NAME = "$(TARGET_NAME)";
				SWIFT_EMIT_LOC_STRINGS = NO;
				SWIFT_VERSION = 5.0;
				TARGETED_DEVICE_FAMILY = "1,2";
				TEST_TARGET_NAME = SwiftUiCurrencyXchange;
			};
			name = Debug;
		};
		0C3DEAEE29E6EDCE00309F4B /* Release */ = {
			isa = XCBuildConfiguration;
			buildSettings = {
				ALWAYS_EMBED_SWIFT_STANDARD_LIBRARIES = YES;
				CODE_SIGN_STYLE = Automatic;
				CURRENT_PROJECT_VERSION = 1;
				GENERATE_INFOPLIST_FILE = YES;
				MARKETING_VERSION = 1.0;
				PRODUCT_BUNDLE_IDENTIFIER = com.example.SwiftUiCurrencyXchangeUITests;
				PRODUCT_NAME = "$(TARGET_NAME)";
				SWIFT_EMIT_LOC_STRINGS = NO;
				SWIFT_VERSION = 5.0;
				TARGETED_DEVICE_FAMILY = "1,2";
				TEST_TARGET_NAME = SwiftUiCurrencyXchange;
			};
			name = Release;
		};
/* End XCBuildConfiguration section */

/* Begin XCConfigurationList section */
		0C3DEABD29E6EDCD00309F4B /* Build configuration list for PBXProject "SwiftUiCurrencyXchange" */ = {
			isa = XCConfigurationList;
			buildConfigurations = (
				0C3DEAE429E6EDCE00309F4B /* Debug */,
				0C3DEAE529E6EDCE00309F4B /* Release */,
			);
			defaultConfigurationIsVisible = 0;
			defaultConfigurationName = Release;
		};
		0C3DEAE629E6EDCE00309F4B /* Build configuration list for PBXNativeTarget "SwiftUiCurrencyXchange" */ = {
			isa = XCConfigurationList;
			buildConfigurations = (
				0C3DEAE729E6EDCE00309F4B /* Debug */,
				0C3DEAE829E6EDCE00309F4B /* Release */,
			);
			defaultConfigurationIsVisible = 0;
			defaultConfigurationName = Release;
		};
		0C3DEAE929E6EDCE00309F4B /* Build configuration list for PBXNativeTarget "SwiftUiCurrencyXchangeTests" */ = {
			isa = XCConfigurationList;
			buildConfigurations = (
				0C3DEAEA29E6EDCE00309F4B /* Debug */,
				0C3DEAEB29E6EDCE00309F4B /* Release */,
			);
			defaultConfigurationIsVisible = 0;
			defaultConfigurationName = Release;
		};
		0C3DEAEC29E6EDCE00309F4B /* Build configuration list for PBXNativeTarget "SwiftUiCurrencyXchangeUITests" */ = {
			isa = XCConfigurationList;
			buildConfigurations = (
				0C3DEAED29E6EDCE00309F4B /* Debug */,
				0C3DEAEE29E6EDCE00309F4B /* Release */,
			);
			defaultConfigurationIsVisible = 0;
			defaultConfigurationName = Release;
		};
/* End XCConfigurationList section */
	};
	rootObject = 0C3DEABA29E6EDCD00309F4B /* Project object */;
}
